# THIS IS AN AUTOGENERATED FILE. DO NOT EDIT THIS FILE DIRECTLY.
# yarn lockfile v1


array-union@^1.0.1:
  version "1.0.2"
  resolved "https://registry.npmjs.org/array-union/-/array-union-1.0.2.tgz#9a34410e4f4e3da23dea375be5be70f24778ec39"
  dependencies:
    array-uniq "^1.0.1"

array-uniq@^1.0.1:
  version "1.0.3"
  resolved "https://registry.npmjs.org/array-uniq/-/array-uniq-1.0.3.tgz#af6ac877a25cc7f74e058894753858dfdb24fdb6"

async@2.1.2:
  version "2.1.2"
  resolved "https://registry.npmjs.org/async/-/async-2.1.2.tgz#612a4ab45ef42a70cde806bad86ee6db047e8385"
  dependencies:
    lodash "^4.14.0"

balanced-match@^0.4.1:
  version "0.4.2"
  resolved "https://registry.npmjs.org/balanced-match/-/balanced-match-0.4.2.tgz#cb3f3e3c732dc0f01ee70b403f302e61d7709838"

barracks@^9.1.0:
  version "9.3.2"
  resolved "https://registry.npmjs.org/barracks/-/barracks-9.3.2.tgz#a260c443e93bbb238eba343ef58c2007a9979375"
  dependencies:
    nanotick "^1.1.2"
    xtend "^4.0.1"

bel@^4.0.0:
  version "4.5.1"
  resolved "https://registry.npmjs.org/bel/-/bel-4.5.1.tgz#fd857415359780ad195670bdd02766ab2f71f182"
  dependencies:
    global "^4.3.0"
    hyperx "^2.0.2"
    on-load "^3.2.0"

brace-expansion@^1.0.0:
  version "1.1.6"
  resolved "https://registry.npmjs.org/brace-expansion/-/brace-expansion-1.1.6.tgz#7197d7eaa9b87e648390ea61fc66c84427420df9"
  dependencies:
    balanced-match "^0.4.1"
    concat-map "0.0.1"

choo@^4.1.0:
  version "4.1.0"
  resolved "https://registry.npmjs.org/choo/-/choo-4.1.0.tgz#b87ac580f410e9c45577b640788625970ff25dd1"
  dependencies:
    barracks "^9.1.0"
    document-ready "~1.0.2"
    global "^4.3.0"
    nanoraf "^2.1.1"
    sheet-router "^4.0.1"
    xtend "^4.0.1"
    yo-yo "^1.2.2"

collections@^0.2.0:
  version "0.2.2"
  resolved "https://registry.npmjs.org/collections/-/collections-0.2.2.tgz#1f23026b2ef36f927eecc901e99c5f0d48fa334e"
  dependencies:
    weak-map "1.0.0"

commander@2.9.0:
  version "2.9.0"
  resolved "https://registry.npmjs.org/commander/-/commander-2.9.0.tgz#9c99094176e12240cb22d6c5146098400fe0f7d4"
  dependencies:
    graceful-readlink ">= 1.0.0"

concat-map@0.0.1:
  version "0.0.1"
  resolved "https://registry.npmjs.org/concat-map/-/concat-map-0.0.1.tgz#d8a96bd77fd68df7793a73036a3ba0d5405d477b"

document-ready@~1.0.2:
  version "1.0.3"
  resolved "https://registry.npmjs.org/document-ready/-/document-ready-1.0.3.tgz#eed81e09b37a687c5e6d02b3f0e5706276e82727"
  dependencies:
    global "~4.3.0"

dom-walk@^0.1.0:
  version "0.1.1"
  resolved "https://registry.npmjs.org/dom-walk/-/dom-walk-0.1.1.tgz#672226dc74c8f799ad35307df936aba11acd6018"

fs.realpath@^1.0.0:
  version "1.0.0"
  resolved "https://registry.npmjs.org/fs.realpath/-/fs.realpath-1.0.0.tgz#1504ad2523158caa40db4a2787cb01411994ea4f"

gh-pages@^0.12.0:
  version "0.12.0"
  resolved "https://registry.npmjs.org/gh-pages/-/gh-pages-0.12.0.tgz#d951e3ed98b85699d4b0418eb1a15b1a04988dc1"
  dependencies:
    async "2.1.2"
    commander "2.9.0"
    globby "^6.1.0"
    graceful-fs "4.1.10"
    q "1.4.1"
    q-io "1.13.2"
    rimraf "^2.5.4"

glob@^7.0.3, glob@^7.0.5:
  version "7.1.1"
  resolved "https://registry.npmjs.org/glob/-/glob-7.1.1.tgz#805211df04faaf1c63a3600306cdf5ade50b2ec8"
  dependencies:
    fs.realpath "^1.0.0"
    inflight "^1.0.4"
    inherits "2"
    minimatch "^3.0.2"
    once "^1.3.0"
    path-is-absolute "^1.0.0"

global@^4.3.0, global@~4.3.0:
  version "4.3.1"
  resolved "https://registry.npmjs.org/global/-/global-4.3.1.tgz#5f757908c7cbabce54f386ae440e11e26b7916df"
  dependencies:
    min-document "^2.19.0"
    process "~0.5.1"

globby@^6.1.0:
  version "6.1.0"
  resolved "https://registry.npmjs.org/globby/-/globby-6.1.0.tgz#f5a6d70e8395e21c858fb0489d64df02424d506c"
  dependencies:
    array-union "^1.0.1"
    glob "^7.0.3"
    object-assign "^4.0.1"
    pify "^2.0.0"
    pinkie-promise "^2.0.0"

graceful-fs@4.1.10:
  version "4.1.10"
  resolved "https://registry.npmjs.org/graceful-fs/-/graceful-fs-4.1.10.tgz#f2d720c22092f743228775c75e3612632501f131"

"graceful-readlink@>= 1.0.0":
  version "1.0.1"
  resolved "https://registry.npmjs.org/graceful-readlink/-/graceful-readlink-1.0.1.tgz#4cafad76bc62f02fa039b2f94e9a3dd3a391a725"

hyperscript-attribute-to-property@^1.0.0:
  version "1.0.0"
  resolved "https://registry.npmjs.org/hyperscript-attribute-to-property/-/hyperscript-attribute-to-property-1.0.0.tgz#825308d49bb8e2957923f731981bcc811cad7aff"

hyperx@^2.0.2:
  version "2.0.5"
  resolved "https://registry.npmjs.org/hyperx/-/hyperx-2.0.5.tgz#fedef890d7203f36339b243b27d38e3a424225ab"
  dependencies:
    hyperscript-attribute-to-property "^1.0.0"

inflight@^1.0.4:
  version "1.0.6"
  resolved "https://registry.npmjs.org/inflight/-/inflight-1.0.6.tgz#49bd6331d7d02d0c09bc910a1075ba8165b56df9"
  dependencies:
    once "^1.3.0"
    wrappy "1"

inherits@2:
  version "2.0.3"
  resolved "https://registry.npmjs.org/inherits/-/inherits-2.0.3.tgz#633c2c83e3da42a502f52466022480f4208261de"

lodash@^4.14.0:
  version "4.17.4"
  resolved "https://registry.npmjs.org/lodash/-/lodash-4.17.4.tgz#78203a4d1c328ae1d86dca6460e369b57f4055ae"

mime@^1.2.11:
  version "1.3.4"
  resolved "https://registry.npmjs.org/mime/-/mime-1.3.4.tgz#115f9e3b6b3daf2959983cb38f149a2d40eb5d53"

mimeparse@^0.1.4:
  version "0.1.4"
  resolved "https://registry.npmjs.org/mimeparse/-/mimeparse-0.1.4.tgz#dafb02752370fd226093ae3152c271af01ac254a"

min-document@^2.19.0:
  version "2.19.0"
  resolved "https://registry.npmjs.org/min-document/-/min-document-2.19.0.tgz#7bd282e3f5842ed295bb748cdd9f1ffa2c824685"
  dependencies:
    dom-walk "^0.1.0"

minimatch@^3.0.2:
  version "3.0.3"
  resolved "https://registry.npmjs.org/minimatch/-/minimatch-3.0.3.tgz#2a4e4090b96b2db06a9d7df01055a62a77c9b774"
  dependencies:
    brace-expansion "^1.0.0"

morphdom@^2.1.0:
  version "2.3.1"
  resolved "https://registry.npmjs.org/morphdom/-/morphdom-2.3.1.tgz#94247c316360b92cee49e529815370763e27da90"

nanoraf@^2.1.1:
  version "2.1.3"
  resolved "https://registry.npmjs.org/nanoraf/-/nanoraf-2.1.3.tgz#e11df398c59b3a65f4e10ea1b6b95a3a21350718"
  dependencies:
    global "^4.3.0"

nanotick@^1.1.2:
  version "1.1.5"
  resolved "https://registry.npmjs.org/nanotick/-/nanotick-1.1.5.tgz#749160ad137685bfbd7be132876c4745e3057484"

object-assign@^4.0.1:
  version "4.1.1"
  resolved "https://registry.npmjs.org/object-assign/-/object-assign-4.1.1.tgz#2109adc7965887cfc05cbbd442cac8bfbb360863"

on-load@^3.2.0:
  version "3.2.0"
  resolved "https://registry.npmjs.org/on-load/-/on-load-3.2.0.tgz#dd3145d3a5c2faa5666920d1df674b69f0c2f66f"
  dependencies:
    global "^4.3.0"

once@^1.3.0:
  version "1.4.0"
  resolved "https://registry.npmjs.org/once/-/once-1.4.0.tgz#583b1aa775961d4b113ac17d9c50baef9dd76bd1"
  dependencies:
    wrappy "1"

path-is-absolute@^1.0.0:
  version "1.0.1"
  resolved "https://registry.npmjs.org/path-is-absolute/-/path-is-absolute-1.0.1.tgz#174b9268735534ffbc7ace6bf53a5a9e1b5c5f5f"

pify@^2.0.0:
  version "2.3.0"
  resolved "https://registry.npmjs.org/pify/-/pify-2.3.0.tgz#ed141a6ac043a849ea588498e7dca8b15330e90c"

pinkie-promise@^2.0.0:
  version "2.0.1"
  resolved "https://registry.npmjs.org/pinkie-promise/-/pinkie-promise-2.0.1.tgz#2135d6dfa7a358c069ac9b178776288228450ffa"
  dependencies:
    pinkie "^2.0.0"

pinkie@^2.0.0:
  version "2.0.4"
  resolved "https://registry.npmjs.org/pinkie/-/pinkie-2.0.4.tgz#72556b80cfa0d48a974e80e77248e80ed4f7f870"

process@~0.5.1:
  version "0.5.2"
  resolved "https://registry.npmjs.org/process/-/process-0.5.2.tgz#1638d8a8e34c2f440a91db95ab9aeb677fc185cf"

q-io@1.13.2:
  version "1.13.2"
  resolved "https://registry.npmjs.org/q-io/-/q-io-1.13.2.tgz#eea130d481ddb5e1aa1bc5a66855f7391d06f003"
  dependencies:
    collections "^0.2.0"
    mime "^1.2.11"
    mimeparse "^0.1.4"
    q "^1.0.1"
    qs "^1.2.1"
    url2 "^0.0.0"

q@1.4.1, q@^1.0.1:
  version "1.4.1"
  resolved "https://registry.npmjs.org/q/-/q-1.4.1.tgz#55705bcd93c5f3673530c2c2cbc0c2b3addc286e"

qs@^1.2.1:
  version "1.2.2"
  resolved "https://registry.npmjs.org/qs/-/qs-1.2.2.tgz#19b57ff24dc2a99ce1f8bdf6afcda59f8ef61f88"

rimraf@^2.5.4:
  version "2.6.0"
  resolved "https://registry.npmjs.org/rimraf/-/rimraf-2.6.0.tgz#89b8a0fe432b9ff9ec9a925a00b6cdb3a91bbada"
  dependencies:
    glob "^7.0.5"

sheet-router@^4.0.1:
  version "4.2.3"
  resolved "https://registry.npmjs.org/sheet-router/-/sheet-router-4.2.3.tgz#c587779e0e252112e7f63e4fd873a568bee5fc62"
  dependencies:
    global "^4.3.0"
    wayfarer "^6.2.1"
    xtend "^4.0.1"

url2@^0.0.0:
  version "0.0.0"
  resolved "https://registry.npmjs.org/url2/-/url2-0.0.0.tgz#4eaabd1d5c3ac90d62ab4485c998422865a04b1a"

wayfarer@^6.2.1:
  version "6.4.0"
  resolved "https://registry.npmjs.org/wayfarer/-/wayfarer-6.4.0.tgz#51e72aeb2727b3e1278ed630d34810948a3bdce7"
  dependencies:
    xtend "^4.0.1"

weak-map@1.0.0:
  version "1.0.0"
  resolved "https://registry.npmjs.org/weak-map/-/weak-map-1.0.0.tgz#b66e56a9df0bd25a76bbf1b514db129080614a37"

wrappy@1:
  version "1.0.2"
  resolved "https://registry.npmjs.org/wrappy/-/wrappy-1.0.2.tgz#b5243d8f3ec1aa35f1364605bc0d1036e30ab69f"

xtend@^4.0.1:
  version "4.0.1"
  resolved "https://registry.npmjs.org/xtend/-/xtend-4.0.1.tgz#a5c6d532be656e23db820efb943a1f04998d63af"

yo-yo@^1.2.2:
  version "1.4.0"
  resolved "https://registry.npmjs.org/yo-yo/-/yo-yo-1.4.0.tgz#c3291e512bb4743f9eb514b9b6dbb264757e3257"
  dependencies:
    bel "^4.0.0"
    morphdom "^2.1.0"
